
Microsoft Visual Studio Solution File, Format Version 12.00
# Visual Studio 15
VisualStudioVersion = 15.0.28307.489
MinimumVisualStudioVersion = 10.0.40219.1
Project("{2150E333-8FDC-42A3-9474-1A3956D46DE8}") = "0 Modeling and Design", "0 Modeling and Design", "{56CCB9F7-4C73-4E4A-BA93-6692C7533EAD}"
EndProject
Project("{FAE04EC0-301F-11D3-BF4B-00C04F79EFBC}") = "Company.Module.Modeling.Model", "Company.Module\Company.Module.Modeling.Model\Company.Module.Modeling.Model.csproj", "{77FDF457-A321-4B36-AB09-724F979CCC50}"
EndProject
Project("{2150E333-8FDC-42A3-9474-1A3956D46DE8}") = "1 Layers", "1 Layers", "{70BF716E-C5A7-4866-A745-B29CA96B40D1}"
EndProject
Project("{2150E333-8FDC-42A3-9474-1A3956D46DE8}") = "1.1 Presentation", "1.1 Presentation", "{EA418603-16DB-43C4-8B8D-A5287ABFE38C}"
EndProject
Project("{2150E333-8FDC-42A3-9474-1A3956D46DE8}") = "Mobile", "Mobile", "{4884F8B6-F8AA-4D73-9450-5EA1348FC615}"
EndProject
Project("{2150E333-8FDC-42A3-9474-1A3956D46DE8}") = "Android", "Android", "{65CC2899-E72E-4F52-9D63-8D5225BAE66C}"
EndProject
Project("{2150E333-8FDC-42A3-9474-1A3956D46DE8}") = "Windows Phone", "Windows Phone", "{3AC59D42-814D-44F9-8076-E71B3FFEE4C9}"
EndProject
Project("{2150E333-8FDC-42A3-9474-1A3956D46DE8}") = "RIA", "RIA", "{C16D8D1A-7FB5-4E38-B3AD-601AACEA270A}"
EndProject
Project("{2150E333-8FDC-42A3-9474-1A3956D46DE8}") = "Silverlight Client", "Silverlight Client", "{871B34D5-F9A4-414F-8151-87A16C2E5382}"
EndProject
Project("{2150E333-8FDC-42A3-9474-1A3956D46DE8}") = "Silverlight Mobile", "Silverlight Mobile", "{B00D7E65-8A51-47B4-9D84-0324359422BE}"
EndProject
Project("{2150E333-8FDC-42A3-9474-1A3956D46DE8}") = "Web", "Web", "{53C0A726-48F2-4898-96AE-06398FAD1D8E}"
EndProject
Project("{2150E333-8FDC-42A3-9474-1A3956D46DE8}") = "ASP .NET Cient", "ASP .NET Cient", "{2197FF12-29E0-45A5-97FC-C7B1314A0307}"
EndProject
Project("{2150E333-8FDC-42A3-9474-1A3956D46DE8}") = "ASP .NET MVC Cient", "ASP .NET MVC Cient", "{D4982572-B7FB-4F60-8FCC-DABEC58433FB}"
EndProject
Project("{2150E333-8FDC-42A3-9474-1A3956D46DE8}") = "Windows", "Windows", "{E2F3E437-07ED-4C96-BC3D-4A97A63D74D8}"
EndProject
Project("{2150E333-8FDC-42A3-9474-1A3956D46DE8}") = "OBA Client", "OBA Client", "{76D29B2B-64C2-4153-8490-AE08DB5D67CB}"
EndProject
Project("{2150E333-8FDC-42A3-9474-1A3956D46DE8}") = "WinForm Client", "WinForm Client", "{88AFEF42-FA0A-4607-9360-0273D6BB7DB2}"
EndProject
Project("{2150E333-8FDC-42A3-9474-1A3956D46DE8}") = "WPF Client", "WPF Client", "{D6B03809-5B35-452F-B53D-D98FFC988809}"
EndProject
Project("{2150E333-8FDC-42A3-9474-1A3956D46DE8}") = "1.2 Distributed Services", "1.2 Distributed Services", "{3A1DF13C-C87A-488B-A3AF-CFAF6300C934}"
EndProject
Project("{2150E333-8FDC-42A3-9474-1A3956D46DE8}") = "1.2.1 Core", "1.2.1 Core", "{BDD35E8B-FB70-4969-BE5D-99FDAA394DF4}"
EndProject
Project("{FAE04EC0-301F-11D3-BF4B-00C04F79EFBC}") = "Company.Module.DistributedServices.Core", "Company.Module\Company.Module.DistributedServices.Core\Company.Module.DistributedServices.Core.csproj", "{56EB7CCB-550C-45FE-8440-5B51AE5AD6ED}"
EndProject
Project("{2150E333-8FDC-42A3-9474-1A3956D46DE8}") = "1.2.2 MainModule", "1.2.2 MainModule", "{55143857-812E-4756-B32E-A8445D3A6C0C}"
EndProject
Project("{FAE04EC0-301F-11D3-BF4B-00C04F79EFBC}") = "Company.Module.DistributedServices.MainModule", "Company.Module\Company.Module.DistributedServices.MainModule\Company.Module.DistributedServices.MainModule.csproj", "{8EB842FB-BB32-49A3-9F3D-6F97FB854D50}"
EndProject
Project("{2150E333-8FDC-42A3-9474-1A3956D46DE8}") = "1.2.3 Deployment", "1.2.3 Deployment", "{5AAC2464-C3A7-4EAF-BD15-8696D56CE453}"
EndProject
Project("{2150E333-8FDC-42A3-9474-1A3956D46DE8}") = "1.3 Application", "1.3 Application", "{DFE16E80-0348-4C0A-85FC-AFB2E7D17455}"
EndProject
Project("{2150E333-8FDC-42A3-9474-1A3956D46DE8}") = "1.3.1 Core", "1.3.1 Core", "{7F461DEB-F30C-4A06-B75E-B80926A2B7D6}"
EndProject
Project("{FAE04EC0-301F-11D3-BF4B-00C04F79EFBC}") = "Company.Module.Application.Core", "Company.Module\Company.Module.Application.Core\Company.Module.Application.Core.csproj", "{BAF7D4C6-0D53-4D63-8CF9-F8DD069A7949}"
EndProject
Project("{2150E333-8FDC-42A3-9474-1A3956D46DE8}") = "1.3.2 MainModule", "1.3.2 MainModule", "{8FB0385C-8C62-49B9-9B1F-27A9186D763F}"
EndProject
Project("{FAE04EC0-301F-11D3-BF4B-00C04F79EFBC}") = "Company.Module.Application.MainModule", "Company.Module\Company.Module.Application.MainModule\Company.Module.Application.MainModule.csproj", "{8DC4946C-E894-443C-885F-4EB070383643}"
EndProject
Project("{2150E333-8FDC-42A3-9474-1A3956D46DE8}") = "1.4 Domain", "1.4 Domain", "{9766C495-7DB0-49F5-9C43-2C66667CAD2C}"
EndProject
Project("{2150E333-8FDC-42A3-9474-1A3956D46DE8}") = "1.4.1 Core", "1.4.1 Core", "{888390BF-604D-4313-80BC-F387C9B8AB4A}"
EndProject
Project("{FAE04EC0-301F-11D3-BF4B-00C04F79EFBC}") = "Company.Module.Domain.Core", "Company.Module\Company.Module.Domain.Core\Company.Module.Domain.Core.csproj", "{E677E386-AE4D-44A3-B3E6-94189950664D}"
EndProject
Project("{FAE04EC0-301F-11D3-BF4B-00C04F79EFBC}") = "Company.Module.Domain.Core.Entities", "Company.Module\Company.Module.Domain.Core.Entities\Company.Module.Domain.Core.Entities.csproj", "{73B2958D-647F-4BCB-BF87-A8D6B8C2A9F9}"
EndProject
Project("{2150E333-8FDC-42A3-9474-1A3956D46DE8}") = "1.4.2 MainModule", "1.4.2 MainModule", "{9B6E8C8D-7725-4AA1-8E03-254AB429AEBC}"
EndProject
Project("{FAE04EC0-301F-11D3-BF4B-00C04F79EFBC}") = "Company.Module.Domain.MainModule", "Company.Module\Company.Module.Domain.MainModule\Company.Module.Domain.MainModule.csproj", "{7149236C-A317-4F81-AC8D-ABD7835BAEC6}"
EndProject
Project("{FAE04EC0-301F-11D3-BF4B-00C04F79EFBC}") = "Company.Module.Domain.MainModule.Entities", "Company.Module\Company.Module.Domain.MainModule.Entities\Company.Module.Domain.MainModule.Entities.csproj", "{5EF172A3-95AE-4F3D-A032-C50969401A89}"
EndProject
Project("{2150E333-8FDC-42A3-9474-1A3956D46DE8}") = "1.5 Infraestructure", "1.5 Infraestructure", "{E35BD82B-3658-4136-827C-12615B0442B0}"
EndProject
Project("{2150E333-8FDC-42A3-9474-1A3956D46DE8}") = "1.5.1 Data", "1.5.1 Data", "{10C0F198-153C-4F55-A7D0-4FEB18D03292}"
EndProject
Project("{FAE04EC0-301F-11D3-BF4B-00C04F79EFBC}") = "Company.Module.Data.Core", "Company.Module\Company.Module.Data.Core\Company.Module.Data.Core.csproj", "{BD78A3D8-FFAB-4E7B-AA45-2CF897C6EFB9}"
EndProject
Project("{FAE04EC0-301F-11D3-BF4B-00C04F79EFBC}") = "Company.Module.Data.MainModule", "Company.Module\Company.Module.Data.MainModule\Company.Module.Data.MainModule.csproj", "{5421CEDD-D492-4B3C-A5BC-192B122E4389}"
EndProject
Project("{2150E333-8FDC-42A3-9474-1A3956D46DE8}") = "1.5.2 Cross Cutting", "1.5.2 Cross Cutting", "{BA0B3117-EE8C-45FB-A539-2B641A43D198}"
EndProject
Project("{FAE04EC0-301F-11D3-BF4B-00C04F79EFBC}") = "Company.Module.CrossCutting.Common", "Company.Module\Company.Module.CrossCutting.Common\Company.Module.CrossCutting.Common.csproj", "{6C1F5D15-4C2B-422D-8213-C12CF0BB86F0}"
EndProject
Project("{2150E333-8FDC-42A3-9474-1A3956D46DE8}") = "2 Database", "2 Database", "{AE85D78E-917D-40D7-958B-9A60FE46F14F}"
EndProject
Project("{00D1A9C2-B5F0-4AF3-8072-F6C62B433612}") = "Company.Module.DataBase.Implementation", "Company.Module\Company.Module.DataBase.Implementation\Company.Module.DataBase.Implementation.sqlproj", "{A15FE27D-2C75-4BC4-BC6F-1FC1C4697EF3}"
EndProject
Project("{2150E333-8FDC-42A3-9474-1A3956D46DE8}") = "3 Solution Items", "3 Solution Items", "{7A98EDC2-2578-4674-B2D0-240B5A2FA275}"
EndProject
Global
	GlobalSection(SolutionConfigurationPlatforms) = preSolution
		Debug|Any CPU = Debug|Any CPU
		Release|Any CPU = Release|Any CPU
	EndGlobalSection
	GlobalSection(ProjectConfigurationPlatforms) = postSolution
		{77FDF457-A321-4B36-AB09-724F979CCC50}.Debug|Any CPU.ActiveCfg = Debug|Any CPU
		{77FDF457-A321-4B36-AB09-724F979CCC50}.Debug|Any CPU.Build.0 = Debug|Any CPU
		{77FDF457-A321-4B36-AB09-724F979CCC50}.Release|Any CPU.ActiveCfg = Release|Any CPU
		{77FDF457-A321-4B36-AB09-724F979CCC50}.Release|Any CPU.Build.0 = Release|Any CPU
		{56EB7CCB-550C-45FE-8440-5B51AE5AD6ED}.Debug|Any CPU.ActiveCfg = Debug|Any CPU
		{56EB7CCB-550C-45FE-8440-5B51AE5AD6ED}.Debug|Any CPU.Build.0 = Debug|Any CPU
		{56EB7CCB-550C-45FE-8440-5B51AE5AD6ED}.Release|Any CPU.ActiveCfg = Release|Any CPU
		{56EB7CCB-550C-45FE-8440-5B51AE5AD6ED}.Release|Any CPU.Build.0 = Release|Any CPU
		{8EB842FB-BB32-49A3-9F3D-6F97FB854D50}.Debug|Any CPU.ActiveCfg = Debug|Any CPU
		{8EB842FB-BB32-49A3-9F3D-6F97FB854D50}.Debug|Any CPU.Build.0 = Debug|Any CPU
		{8EB842FB-BB32-49A3-9F3D-6F97FB854D50}.Release|Any CPU.ActiveCfg = Release|Any CPU
		{8EB842FB-BB32-49A3-9F3D-6F97FB854D50}.Release|Any CPU.Build.0 = Release|Any CPU
		{BAF7D4C6-0D53-4D63-8CF9-F8DD069A7949}.Debug|Any CPU.ActiveCfg = Debug|Any CPU
		{BAF7D4C6-0D53-4D63-8CF9-F8DD069A7949}.Debug|Any CPU.Build.0 = Debug|Any CPU
		{BAF7D4C6-0D53-4D63-8CF9-F8DD069A7949}.Release|Any CPU.ActiveCfg = Release|Any CPU
		{BAF7D4C6-0D53-4D63-8CF9-F8DD069A7949}.Release|Any CPU.Build.0 = Release|Any CPU
		{8DC4946C-E894-443C-885F-4EB070383643}.Debug|Any CPU.ActiveCfg = Debug|Any CPU
		{8DC4946C-E894-443C-885F-4EB070383643}.Debug|Any CPU.Build.0 = Debug|Any CPU
		{8DC4946C-E894-443C-885F-4EB070383643}.Release|Any CPU.ActiveCfg = Release|Any CPU
		{8DC4946C-E894-443C-885F-4EB070383643}.Release|Any CPU.Build.0 = Release|Any CPU
		{E677E386-AE4D-44A3-B3E6-94189950664D}.Debug|Any CPU.ActiveCfg = Debug|Any CPU
		{E677E386-AE4D-44A3-B3E6-94189950664D}.Debug|Any CPU.Build.0 = Debug|Any CPU
		{E677E386-AE4D-44A3-B3E6-94189950664D}.Release|Any CPU.ActiveCfg = Release|Any CPU
		{E677E386-AE4D-44A3-B3E6-94189950664D}.Release|Any CPU.Build.0 = Release|Any CPU
		{73B2958D-647F-4BCB-BF87-A8D6B8C2A9F9}.Debug|Any CPU.ActiveCfg = Debug|Any CPU
		{73B2958D-647F-4BCB-BF87-A8D6B8C2A9F9}.Debug|Any CPU.Build.0 = Debug|Any CPU
		{73B2958D-647F-4BCB-BF87-A8D6B8C2A9F9}.Release|Any CPU.ActiveCfg = Release|Any CPU
		{73B2958D-647F-4BCB-BF87-A8D6B8C2A9F9}.Release|Any CPU.Build.0 = Release|Any CPU
		{7149236C-A317-4F81-AC8D-ABD7835BAEC6}.Debug|Any CPU.ActiveCfg = Debug|Any CPU
		{7149236C-A317-4F81-AC8D-ABD7835BAEC6}.Debug|Any CPU.Build.0 = Debug|Any CPU
		{7149236C-A317-4F81-AC8D-ABD7835BAEC6}.Release|Any CPU.ActiveCfg = Release|Any CPU
		{7149236C-A317-4F81-AC8D-ABD7835BAEC6}.Release|Any CPU.Build.0 = Release|Any CPU
		{5EF172A3-95AE-4F3D-A032-C50969401A89}.Debug|Any CPU.ActiveCfg = Debug|Any CPU
		{5EF172A3-95AE-4F3D-A032-C50969401A89}.Debug|Any CPU.Build.0 = Debug|Any CPU
		{5EF172A3-95AE-4F3D-A032-C50969401A89}.Release|Any CPU.ActiveCfg = Release|Any CPU
		{5EF172A3-95AE-4F3D-A032-C50969401A89}.Release|Any CPU.Build.0 = Release|Any CPU
		{BD78A3D8-FFAB-4E7B-AA45-2CF897C6EFB9}.Debug|Any CPU.ActiveCfg = Debug|Any CPU
		{BD78A3D8-FFAB-4E7B-AA45-2CF897C6EFB9}.Debug|Any CPU.Build.0 = Debug|Any CPU
		{BD78A3D8-FFAB-4E7B-AA45-2CF897C6EFB9}.Release|Any CPU.ActiveCfg = Release|Any CPU
		{BD78A3D8-FFAB-4E7B-AA45-2CF897C6EFB9}.Release|Any CPU.Build.0 = Release|Any CPU
		{5421CEDD-D492-4B3C-A5BC-192B122E4389}.Debug|Any CPU.ActiveCfg = Debug|Any CPU
		{5421CEDD-D492-4B3C-A5BC-192B122E4389}.Debug|Any CPU.Build.0 = Debug|Any CPU
		{5421CEDD-D492-4B3C-A5BC-192B122E4389}.Release|Any CPU.ActiveCfg = Release|Any CPU
		{5421CEDD-D492-4B3C-A5BC-192B122E4389}.Release|Any CPU.Build.0 = Release|Any CPU
		{6C1F5D15-4C2B-422D-8213-C12CF0BB86F0}.Debug|Any CPU.ActiveCfg = Debug|Any CPU
		{6C1F5D15-4C2B-422D-8213-C12CF0BB86F0}.Debug|Any CPU.Build.0 = Debug|Any CPU
		{6C1F5D15-4C2B-422D-8213-C12CF0BB86F0}.Release|Any CPU.ActiveCfg = Release|Any CPU
		{6C1F5D15-4C2B-422D-8213-C12CF0BB86F0}.Release|Any CPU.Build.0 = Release|Any CPU
		{A15FE27D-2C75-4BC4-BC6F-1FC1C4697EF3}.Debug|Any CPU.ActiveCfg = Debug|Any CPU
		{A15FE27D-2C75-4BC4-BC6F-1FC1C4697EF3}.Debug|Any CPU.Build.0 = Debug|Any CPU
		{A15FE27D-2C75-4BC4-BC6F-1FC1C4697EF3}.Debug|Any CPU.Deploy.0 = Debug|Any CPU
		{A15FE27D-2C75-4BC4-BC6F-1FC1C4697EF3}.Release|Any CPU.ActiveCfg = Release|Any CPU
		{A15FE27D-2C75-4BC4-BC6F-1FC1C4697EF3}.Release|Any CPU.Build.0 = Release|Any CPU
		{A15FE27D-2C75-4BC4-BC6F-1FC1C4697EF3}.Release|Any CPU.Deploy.0 = Release|Any CPU
	EndGlobalSection
	GlobalSection(SolutionProperties) = preSolution
		HideSolutionNode = FALSE
	EndGlobalSection
	GlobalSection(NestedProjects) = preSolution
		{77FDF457-A321-4B36-AB09-724F979CCC50} = {56CCB9F7-4C73-4E4A-BA93-6692C7533EAD}
		{EA418603-16DB-43C4-8B8D-A5287ABFE38C} = {70BF716E-C5A7-4866-A745-B29CA96B40D1}
		{4884F8B6-F8AA-4D73-9450-5EA1348FC615} = {EA418603-16DB-43C4-8B8D-A5287ABFE38C}
		{65CC2899-E72E-4F52-9D63-8D5225BAE66C} = {4884F8B6-F8AA-4D73-9450-5EA1348FC615}
		{3AC59D42-814D-44F9-8076-E71B3FFEE4C9} = {4884F8B6-F8AA-4D73-9450-5EA1348FC615}
		{C16D8D1A-7FB5-4E38-B3AD-601AACEA270A} = {EA418603-16DB-43C4-8B8D-A5287ABFE38C}
		{871B34D5-F9A4-414F-8151-87A16C2E5382} = {C16D8D1A-7FB5-4E38-B3AD-601AACEA270A}
		{B00D7E65-8A51-47B4-9D84-0324359422BE} = {C16D8D1A-7FB5-4E38-B3AD-601AACEA270A}
		{53C0A726-48F2-4898-96AE-06398FAD1D8E} = {EA418603-16DB-43C4-8B8D-A5287ABFE38C}
		{2197FF12-29E0-45A5-97FC-C7B1314A0307} = {53C0A726-48F2-4898-96AE-06398FAD1D8E}
		{D4982572-B7FB-4F60-8FCC-DABEC58433FB} = {53C0A726-48F2-4898-96AE-06398FAD1D8E}
		{E2F3E437-07ED-4C96-BC3D-4A97A63D74D8} = {EA418603-16DB-43C4-8B8D-A5287ABFE38C}
		{76D29B2B-64C2-4153-8490-AE08DB5D67CB} = {E2F3E437-07ED-4C96-BC3D-4A97A63D74D8}
		{88AFEF42-FA0A-4607-9360-0273D6BB7DB2} = {E2F3E437-07ED-4C96-BC3D-4A97A63D74D8}
		{D6B03809-5B35-452F-B53D-D98FFC988809} = {E2F3E437-07ED-4C96-BC3D-4A97A63D74D8}
		{3A1DF13C-C87A-488B-A3AF-CFAF6300C934} = {70BF716E-C5A7-4866-A745-B29CA96B40D1}
		{BDD35E8B-FB70-4969-BE5D-99FDAA394DF4} = {3A1DF13C-C87A-488B-A3AF-CFAF6300C934}
		{56EB7CCB-550C-45FE-8440-5B51AE5AD6ED} = {BDD35E8B-FB70-4969-BE5D-99FDAA394DF4}
		{55143857-812E-4756-B32E-A8445D3A6C0C} = {3A1DF13C-C87A-488B-A3AF-CFAF6300C934}
		{8EB842FB-BB32-49A3-9F3D-6F97FB854D50} = {55143857-812E-4756-B32E-A8445D3A6C0C}
		{5AAC2464-C3A7-4EAF-BD15-8696D56CE453} = {3A1DF13C-C87A-488B-A3AF-CFAF6300C934}
		{DFE16E80-0348-4C0A-85FC-AFB2E7D17455} = {70BF716E-C5A7-4866-A745-B29CA96B40D1}
		{7F461DEB-F30C-4A06-B75E-B80926A2B7D6} = {DFE16E80-0348-4C0A-85FC-AFB2E7D17455}
		{BAF7D4C6-0D53-4D63-8CF9-F8DD069A7949} = {7F461DEB-F30C-4A06-B75E-B80926A2B7D6}
		{8FB0385C-8C62-49B9-9B1F-27A9186D763F} = {DFE16E80-0348-4C0A-85FC-AFB2E7D17455}
		{8DC4946C-E894-443C-885F-4EB070383643} = {8FB0385C-8C62-49B9-9B1F-27A9186D763F}
		{9766C495-7DB0-49F5-9C43-2C66667CAD2C} = {70BF716E-C5A7-4866-A745-B29CA96B40D1}
		{888390BF-604D-4313-80BC-F387C9B8AB4A} = {9766C495-7DB0-49F5-9C43-2C66667CAD2C}
		{E677E386-AE4D-44A3-B3E6-94189950664D} = {888390BF-604D-4313-80BC-F387C9B8AB4A}
		{73B2958D-647F-4BCB-BF87-A8D6B8C2A9F9} = {888390BF-604D-4313-80BC-F387C9B8AB4A}
		{9B6E8C8D-7725-4AA1-8E03-254AB429AEBC} = {9766C495-7DB0-49F5-9C43-2C66667CAD2C}
		{7149236C-A317-4F81-AC8D-ABD7835BAEC6} = {9B6E8C8D-7725-4AA1-8E03-254AB429AEBC}
		{5EF172A3-95AE-4F3D-A032-C50969401A89} = {9B6E8C8D-7725-4AA1-8E03-254AB429AEBC}
		{E35BD82B-3658-4136-827C-12615B0442B0} = {70BF716E-C5A7-4866-A745-B29CA96B40D1}
		{10C0F198-153C-4F55-A7D0-4FEB18D03292} = {E35BD82B-3658-4136-827C-12615B0442B0}
		{BD78A3D8-FFAB-4E7B-AA45-2CF897C6EFB9} = {10C0F198-153C-4F55-A7D0-4FEB18D03292}
		{5421CEDD-D492-4B3C-A5BC-192B122E4389} = {10C0F198-153C-4F55-A7D0-4FEB18D03292}
		{BA0B3117-EE8C-45FB-A539-2B641A43D198} = {E35BD82B-3658-4136-827C-12615B0442B0}
		{6C1F5D15-4C2B-422D-8213-C12CF0BB86F0} = {BA0B3117-EE8C-45FB-A539-2B641A43D198}
		{AE85D78E-917D-40D7-958B-9A60FE46F14F} = {70BF716E-C5A7-4866-A745-B29CA96B40D1}
		{A15FE27D-2C75-4BC4-BC6F-1FC1C4697EF3} = {AE85D78E-917D-40D7-958B-9A60FE46F14F}
		{7A98EDC2-2578-4674-B2D0-240B5A2FA275} = {70BF716E-C5A7-4866-A745-B29CA96B40D1}
	EndGlobalSection
	GlobalSection(ExtensibilityGlobals) = postSolution
		SolutionGuid = {04C725C3-AE1A-4E9B-B4AC-5C87FD011FE0}
	EndGlobalSection
EndGlobal
